
Microsoft Visual Studio Solution File, Format Version 12.00
# Visual Studio 15
VisualStudioVersion = 15.0.27428.2011
MinimumVisualStudioVersion = 10.0.40219.1
Project("{FAE04EC0-301F-11D3-BF4B-00C04F79EFBC}") = "BAMENG.DAL", "BAMENG.DAL\BAMENG.DAL.csproj", "{F3DF8FD6-7138-441E-8603-A2BCA1BE92ED}"
EndProject
Project("{FAE04EC0-301F-11D3-BF4B-00C04F79EFBC}") = "BAMENG.IDAL", "BAMENG.IDAL\BAMENG.IDAL.csproj", "{BD4EB10D-6EFF-4331-8FFD-450C7D94E498}"
EndProject
Project("{FAE04EC0-301F-11D3-BF4B-00C04F79EFBC}") = "BAMENG.LOGIC", "BAMENG.LOGIC\BAMENG.LOGIC.csproj", "{3DA287BC-3E3E-4888-853D-1FCD739C4377}"
EndProject
Project("{FAE04EC0-301F-11D3-BF4B-00C04F79EFBC}") = "BAMENG.MODEL", "BAMENG.MODEL\BAMENG.MODEL.csproj", "{CCF1E45A-25EE-4CAE-8E26-0E631E59F400}"
EndProject
Project("{FAE04EC0-301F-11D3-BF4B-00C04F79EFBC}") = "BAMENG.CONFIG", "BAMENG.CONFIG\BAMENG.CONFIG.csproj", "{595DC6EE-7EF1-46BE-95EC-E0B1CFC84562}"
EndProject
Project("{FAE04EC0-301F-11D3-BF4B-00C04F79EFBC}") = "BAMENG.API", "BAMENG.API\BAMENG.API.csproj", "{617B41A2-8CAA-407F-9797-E318B95DD3C0}"
EndProject
Project("{FAE04EC0-301F-11D3-BF4B-00C04F79EFBC}") = "BAMENG.ADMIN", "BAMENG.ADMIN\BAMENG.ADMIN.csproj", "{A8CD7E6A-3E03-4784-8922-860CC695F4EF}"
EndProject
Global
	GlobalSection(SolutionConfigurationPlatforms) = preSolution
		Debug|Any CPU = Debug|Any CPU
		Release|Any CPU = Release|Any CPU
	EndGlobalSection
	GlobalSection(ProjectConfigurationPlatforms) = postSolution
		{F3DF8FD6-7138-441E-8603-A2BCA1BE92ED}.Debug|Any CPU.ActiveCfg = Debug|Any CPU
		{F3DF8FD6-7138-441E-8603-A2BCA1BE92ED}.Debug|Any CPU.Build.0 = Debug|Any CPU
		{F3DF8FD6-7138-441E-8603-A2BCA1BE92ED}.Release|Any CPU.ActiveCfg = Release|Any CPU
		{F3DF8FD6-7138-441E-8603-A2BCA1BE92ED}.Release|Any CPU.Build.0 = Release|Any CPU
		{BD4EB10D-6EFF-4331-8FFD-450C7D94E498}.Debug|Any CPU.ActiveCfg = Debug|Any CPU
		{BD4EB10D-6EFF-4331-8FFD-450C7D94E498}.Debug|Any CPU.Build.0 = Debug|Any CPU
		{BD4EB10D-6EFF-4331-8FFD-450C7D94E498}.Release|Any CPU.ActiveCfg = Release|Any CPU
		{BD4EB10D-6EFF-4331-8FFD-450C7D94E498}.Release|Any CPU.Build.0 = Release|Any CPU
		{3DA287BC-3E3E-4888-853D-1FCD739C4377}.Debug|Any CPU.ActiveCfg = Debug|Any CPU
		{3DA287BC-3E3E-4888-853D-1FCD739C4377}.Debug|Any CPU.Build.0 = Debug|Any CPU
		{3DA287BC-3E3E-4888-853D-1FCD739C4377}.Release|Any CPU.ActiveCfg = Release|Any CPU
		{3DA287BC-3E3E-4888-853D-1FCD739C4377}.Release|Any CPU.Build.0 = Release|Any CPU
		{CCF1E45A-25EE-4CAE-8E26-0E631E59F400}.Debug|Any CPU.ActiveCfg = Debug|Any CPU
		{CCF1E45A-25EE-4CAE-8E26-0E631E59F400}.Debug|Any CPU.Build.0 = Debug|Any CPU
		{CCF1E45A-25EE-4CAE-8E26-0E631E59F400}.Release|Any CPU.ActiveCfg = Release|Any CPU
		{CCF1E45A-25EE-4CAE-8E26-0E631E59F400}.Release|Any CPU.Build.0 = Release|Any CPU
		{595DC6EE-7EF1-46BE-95EC-E0B1CFC84562}.Debug|Any CPU.ActiveCfg = Debug|Any CPU
		{595DC6EE-7EF1-46BE-95EC-E0B1CFC84562}.Debug|Any CPU.Build.0 = Debug|Any CPU
		{595DC6EE-7EF1-46BE-95EC-E0B1CFC84562}.Release|Any CPU.ActiveCfg = Release|Any CPU
		{595DC6EE-7EF1-46BE-95EC-E0B1CFC84562}.Release|Any CPU.Build.0 = Release|Any CPU
		{617B41A2-8CAA-407F-9797-E318B95DD3C0}.Debug|Any CPU.ActiveCfg = Debug|Any CPU
		{617B41A2-8CAA-407F-9797-E318B95DD3C0}.Debug|Any CPU.Build.0 = Debug|Any CPU
		{617B41A2-8CAA-407F-9797-E318B95DD3C0}.Release|Any CPU.ActiveCfg = Release|Any CPU
		{617B41A2-8CAA-407F-9797-E318B95DD3C0}.Release|Any CPU.Build.0 = Release|Any CPU
		{A8CD7E6A-3E03-4784-8922-860CC695F4EF}.Debug|Any CPU.ActiveCfg = Debug|Any CPU
		{A8CD7E6A-3E03-4784-8922-860CC695F4EF}.Debug|Any CPU.Build.0 = Debug|Any CPU
		{A8CD7E6A-3E03-4784-8922-860CC695F4EF}.Release|Any CPU.ActiveCfg = Release|Any CPU
		{A8CD7E6A-3E03-4784-8922-860CC695F4EF}.Release|Any CPU.Build.0 = Release|Any CPU
	EndGlobalSection
	GlobalSection(SolutionProperties) = preSolution
		HideSolutionNode = FALSE
	EndGlobalSection
	GlobalSection(ExtensibilityGlobals) = postSolution
		SolutionGuid = {28B0C8C9-D4E6-4B60-AD31-9FCA5535B085}
	EndGlobalSection
EndGlobal
